{
  "name": "aave-deps",
  "version": "1.0.0",
  "lockfileVersion": 3,
  "requires": true,
  "packages": {
    "": {
      "name": "aave-deps",
      "version": "1.0.0",
      "license": "ISC",
      "dependencies": {
        "@aave/core-v3": "^1.19.3"
      }
    },
    "node_modules/@aave/core-v3": {
      "version": "1.19.3",
      "resolved": "https://registry.npmjs.org/@aave/core-v3/-/core-v3-1.19.3.tgz",
      "integrity": "sha512-Xr7+VcoU5b4mPwM4IUCnskw3lciwrnL4Xloyad8GOddYeixnri2lZYobNmErm1LwE50vqjI0O+9QGNKY2TDkeQ==",
      "engines": {
        "node": ">=16.0.0"
      }
    }
  }
}
